// !$*UTF8*$!
{
	archiveVersion = 1;
	classes = {
	};
	objectVersion = 46;
	objects = {

/* Begin PBXBuildFile section */
		BF92EF111D10C1D600F82088 /* AppDelegate.swift in Sources */ = {isa = PBXBuildFile; fileRef = BF92EF101D10C1D600F82088 /* AppDelegate.swift */; };
		BF92EF131D10C1D600F82088 /* ViewController.swift in Sources */ = {isa = PBXBuildFile; fileRef = BF92EF121D10C1D600F82088 /* ViewController.swift */; };
		BF92EF161D10C1D600F82088 /* Main.storyboard in Resources */ = {isa = PBXBuildFile; fileRef = BF92EF141D10C1D600F82088 /* Main.storyboard */; };
		BF92EF181D10C1D600F82088 /* Assets.xcassets in Resources */ = {isa = PBXBuildFile; fileRef = BF92EF171D10C1D600F82088 /* Assets.xcassets */; };
		BF92EF1B1D10C1D600F82088 /* LaunchScreen.storyboard in Resources */ = {isa = PBXBuildFile; fileRef = BF92EF191D10C1D600F82088 /* LaunchScreen.storyboard */; };
/* End PBXBuildFile section */

/* Begin PBXFileReference section */
		BF92EF0D1D10C1D600F82088 /* Dexy.app */ = {isa = PBXFileReference; explicitFileType = wrapper.application; includeInIndex = 0; path = Dexy.app; sourceTree = BUILT_PRODUCTS_DIR; };
		BF92EF101D10C1D600F82088 /* AppDelegate.swift */ = {isa = PBXFileReference; lastKnownFileType = sourcecode.swift; path = AppDelegate.swift; sourceTree = "<group>"; };
		BF92EF121D10C1D600F82088 /* ViewController.swift */ = {isa = PBXFileReference; lastKnownFileType = sourcecode.swift; path = ViewController.swift; sourceTree = "<group>"; };
		BF92EF151D10C1D600F82088 /* Base */ = {isa = PBXFileReference; lastKnownFileType = file.storyboard; name = Base; path = Base.lproj/Main.storyboard; sourceTree = "<group>"; };
		BF92EF171D10C1D600F82088 /* Assets.xcassets */ = {isa = PBXFileReference; lastKnownFileType = folder.assetcatalog; path = Assets.xcassets; sourceTree = "<group>"; };
		BF92EF1A1D10C1D600F82088 /* Base */ = {isa = PBXFileReference; lastKnownFileType = file.storyboard; name = Base; path = Base.lproj/LaunchScreen.storyboard; sourceTree = "<group>"; };
		BF92EF1C1D10C1D600F82088 /* Info.plist */ = {isa = PBXFileReference; lastKnownFileType = text.plist.xml; path = Info.plist; sourceTree = "<group>"; };
/* End PBXFileReference section */

/* Begin PBXFrameworksBuildPhase section */
		BF92EF0A1D10C1D600F82088 /* Frameworks */ = {
			isa = PBXFrameworksBuildPhase;
			buildActionMask = 2147483647;
			files = (
			);
			runOnlyForDeploymentPostprocessing = 0;
		};
/* End PBXFrameworksBuildPhase section */

/* Begin PBXGroup section */
		BF92EF041D10C1D600F82088 = {
			isa = PBXGroup;
			children = (
				BF92EF0F1D10C1D600F82088 /* Dexy */,
				BF92EF0E1D10C1D600F82088 /* Products */,
			);
			sourceTree = "<group>";
		};
		BF92EF0E1D10C1D600F82088 /* Products */ = {
			isa = PBXGroup;
			children = (
				BF92EF0D1D10C1D600F82088 /* Dexy.app */,
			);
			name = Products;
			sourceTree = "<group>";
		};
		BF92EF0F1D10C1D600F82088 /* Dexy */ = {
			isa = PBXGroup;
			children = (
				BF92EF101D10C1D600F82088 /* AppDelegate.swift */,
				BF92EF121D10C1D600F82088 /* ViewController.swift */,
				BF92EF141D10C1D600F82088 /* Main.storyboard */,
				BF92EF171D10C1D600F82088 /* Assets.xcassets */,
				BF92EF191D10C1D600F82088 /* LaunchScreen.storyboard */,
				BF92EF1C1D10C1D600F82088 /* Info.plist */,
			);
			path = Dexy;
			sourceTree = "<group>";
		};
/* End PBXGroup section */

/* Begin PBXNativeTarget section */
		BF92EF0C1D10C1D600F82088 /* Dexy */ = {
			isa = PBXNativeTarget;
			buildConfigurationList = BF92EF1F1D10C1D600F82088 /* Build configuration list for PBXNativeTarget "Dexy" */;
			buildPhases = (
				BF92EF091D10C1D600F82088 /* Sources */,
				BF92EF0A1D10C1D600F82088 /* Frameworks */,
				BF92EF0B1D10C1D600F82088 /* Resources */,
			);
			buildRules = (
			);
			dependencies = (
			);
			name = Dexy;
			productName = Dexy;
			productReference = BF92EF0D1D10C1D600F82088 /* Dexy.app */;
			productType = "com.apple.product-type.application";
		};
/* End PBXNativeTarget section */

/* Begin PBXProject section */
		BF92EF051D10C1D600F82088 /* Project object */ = {
			isa = PBXProject;
			attributes = {
				LastSwiftUpdateCheck = 0730;
				LastUpgradeCheck = 0730;
				ORGANIZATIONNAME = "Jason Leocata";
				TargetAttributes = {
					BF92EF0C1D10C1D600F82088 = {
						CreatedOnToolsVersion = 7.3.1;
					};
				};
			};
			buildConfigurationList = BF92EF081D10C1D600F82088 /* Build configuration list for PBXProject "Dexy" */;
			compatibilityVersion = "Xcode 3.2";
			developmentRegion = English;
			hasScannedForEncodings = 0;
			knownRegions = (
				en,
				Base,
			);
			mainGroup = BF92EF041D10C1D600F82088;
			productRefGroup = BF92EF0E1D10C1D600F82088 /* Products */;
			projectDirPath = "";
			projectRoot = "";
			targets = (
				BF92EF0C1D10C1D600F82088 /* Dexy */,
			);
		};
/* End PBXProject section */

/* Begin PBXResourcesBuildPhase section */
		BF92EF0B1D10C1D600F82088 /* Resources */ = {
			isa = PBXResourcesBuildPhase;
			buildActionMask = 2147483647;
			files = (
				BF92EF1B1D10C1D600F82088 /* LaunchScreen.storyboard in Resources */,
				BF92EF181D10C1D600F82088 /* Assets.xcassets in Resources */,
				BF92EF161D10C1D600F82088 /* Main.storyboard in Resources */,
			);
			runOnlyForDeploymentPostprocessing = 0;
		};
/* End PBXResourcesBuildPhase section */

/* Begin PBXSourcesBuildPhase section */
		BF92EF091D10C1D600F82088 /* Sources */ = {
			isa = PBXSourcesBuildPhase;
			buildActionMask = 2147483647;
			files = (
				BF92EF131D10C1D600F82088 /* ViewController.swift in Sources */,
				BF92EF111D10C1D600F82088 /* AppDelegate.swift in Sources */,
			);
			runOnlyForDeploymentPostprocessing = 0;
		};
/* End PBXSourcesBuildPhase section */

/* Begin PBXVariantGroup section */
		BF92EF141D10C1D600F82088 /* Main.storyboard */ = {
			isa = PBXVariantGroup;
			children = (
				BF92EF151D10C1D600F82088 /* Base */,
			);
			name = Main.storyboard;
			sourceTree = "<group>";
		};
		BF92EF191D10C1D600F82088 /* LaunchScreen.storyboard */ = {
			isa = PBXVariantGroup;
			children = (
				BF92EF1A1D10C1D600F82088 /* Base */,
			);
			name = LaunchScreen.storyboard;
			sourceTree = "<group>";
		};
/* End PBXVariantGroup section */

/* Begin XCBuildConfiguration section */
		BF92EF1D1D10C1D600F82088 /* Debug */ = {
			isa = XCBuildConfiguration;
			buildSettings = {
				ALWAYS_SEARCH_USER_PATHS = NO;
				CLANG_ANALYZER_NONNULL = YES;
				CLANG_CXX_LANGUAGE_STANDARD = "gnu++0x";
				CLANG_CXX_LIBRARY = "libc++";
				CLANG_ENABLE_MODULES = YES;
				CLANG_ENABLE_OBJC_ARC = YES;
				CLANG_WARN_BOOL_CONVERSION = YES;
				CLANG_WARN_CONSTANT_CONVERSION = YES;
				CLANG_WARN_DIRECT_OBJC_ISA_USAGE = YES_ERROR;
				CLANG_WARN_EMPTY_BODY = YES;
				CLANG_WARN_ENUM_CONVERSION = YES;
				CLANG_WARN_INT_CONVERSION = YES;
				CLANG_WARN_OBJC_ROOT_CLASS = YES_ERROR;
				CLANG_WARN_UNREACHABLE_CODE = YES;
				CLANG_WARN__DUPLICATE_METHOD_MATCH = YES;
				"CODE_SIGN_IDENTITY[sdk=iphoneos*]" = "iPhone Developer";
				COPY_PHASE_STRIP = NO;
				DEBUG_INFORMATION_FORMAT = dwarf;
				ENABLE_STRICT_OBJC_MSGSEND = YES;
				ENABLE_TESTABILITY = YES;
				GCC_C_LANGUAGE_STANDARD = gnu99;
				GCC_DYNAMIC_NO_PIC = NO;
				GCC_NO_COMMON_BLOCKS = YES;
				GCC_OPTIMIZATION_LEVEL = 0;
				GCC_PREPROCESSOR_DEFINITIONS = (
					"DEBUG=1",
					"$(inherited)",
				);
				GCC_WARN_64_TO_32_BIT_CONVERSION = YES;
				GCC_WARN_ABOUT_RETURN_TYPE = YES_ERROR;
				GCC_WARN_UNDECLARED_SELECTOR = YES;
				GCC_WARN_UNINITIALIZED_AUTOS = YES_AGGRESSIVE;
				GCC_WARN_UNUSED_FUNCTION = YES;
				GCC_WARN_UNUSED_VARIABLE = YES;
				IPHONEOS_DEPLOYMENT_TARGET = 9.3;
				MTL_ENABLE_DEBUG_INFO = YES;
				ONLY_ACTIVE_ARCH = YES;
				SDKROOT = iphoneos;
				SWIFT_OPTIMIZATION_LEVEL = "-Onone";
				TARGETED_DEVICE_FAMILY = "1,2";
			};
			name = Debug;
		};
		BF92EF1E1D10C1D600F82088 /* Release */ = {
			isa = XCBuildConfiguration;
			buildSettings = {
				ALWAYS_SEARCH_USER_PATHS = NO;
				CLANG_ANALYZER_NONNULL = YES;
				CLANG_CXX_LANGUAGE_STANDARD = "gnu++0x";
				CLANG_CXX_LIBRARY = "libc++";
				CLANG_ENABLE_MODULES = YES;
				CLANG_ENABLE_OBJC_ARC = YES;
				CLANG_WARN_BOOL_CONVERSION = YES;
				CLANG_WARN_CONSTANT_CONVERSION = YES;
				CLANG_WARN_DIRECT_OBJC_ISA_USAGE = YES_ERROR;
				CLANG_WARN_EMPTY_BODY = YES;
				CLANG_WARN_ENUM_CONVERSION = YES;
				CLANG_WARN_INT_CONVERSION = YES;
				CLANG_WARN_OBJC_ROOT_CLASS = YES_ERROR;
				CLANG_WARN_UNREACHABLE_CODE = YES;
				CLANG_WARN__DUPLICATE_METHOD_MATCH = YES;
				"CODE_SIGN_IDENTITY[sdk=iphoneos*]" = "iPhone Developer";
				COPY_PHASE_STRIP = NO;
				DEBUG_INFORMATION_FORMAT = "dwarf-with-dsym";
				ENABLE_NS_ASSERTIONS = NO;
				ENABLE_STRICT_OBJC_MSGSEND = YES;
				GCC_C_LANGUAGE_STANDARD = gnu99;
				GCC_NO_COMMON_BLOCKS = YES;
				GCC_WARN_64_TO_32_BIT_CONVERSION = YES;
				GCC_WARN_ABOUT_RETURN_TYPE = YES_ERROR;
				GCC_WARN_UNDECLARED_SELECTOR = YES;
				GCC_WARN_UNINITIALIZED_AUTOS = YES_AGGRESSIVE;
				GCC_WARN_UNUSED_FUNCTION = YES;
				GCC_WARN_UNUSED_VARIABLE = YES;
				IPHONEOS_DEPLOYMENT_TARGET = 9.3;
				MTL_ENABLE_DEBUG_INFO = NO;
				SDKROOT = iphoneos;
				TARGETED_DEVICE_FAMILY = "1,2";
				VALIDATE_PRODUCT = YES;
			};
			name = Release;
		};
		BF92EF201D10C1D600F82088 /* Debug */ = {
			isa = XCBuildConfiguration;
			buildSettings = {
				ASSETCATALOG_COMPILER_APPICON_NAME = AppIcon;
				INFOPLIST_FILE = Dexy/Info.plist;
				LD_RUNPATH_SEARCH_PATHS = "$(inherited) @executable_path/Frameworks";
				PRODUCT_BUNDLE_IDENTIFIER = au.com.jasonleocata.Dexy;
				PRODUCT_NAME = "$(TARGET_NAME)";
			};
			name = Debug;
		};
		BF92EF211D10C1D600F82088 /* Release */ = {
			isa = XCBuildConfiguration;
			buildSettings = {
				ASSETCATALOG_COMPILER_APPICON_NAME = AppIcon;
				INFOPLIST_FILE = Dexy/Info.plist;
				LD_RUNPATH_SEARCH_PATHS = "$(inherited) @executable_path/Frameworks";
				PRODUCT_BUNDLE_IDENTIFIER = au.com.jasonleocata.Dexy;
				PRODUCT_NAME = "$(TARGET_NAME)";
			};
			name = Release;
		};
/* End XCBuildConfiguration section */

/* Begin XCConfigurationList section */
		BF92EF081D10C1D600F82088 /* Build configuration list for PBXProject "Dexy" */ = {
			isa = XCConfigurationList;
			buildConfigurations = (
				BF92EF1D1D10C1D600F82088 /* Debug */,
				BF92EF1E1D10C1D600F82088 /* Release */,
			);
			defaultConfigurationIsVisible = 0;
			defaultConfigurationName = Release;
		};
		BF92EF1F1D10C1D600F82088 /* Build configuration list for PBXNativeTarget "Dexy" */ = {
			isa = XCConfigurationList;
			buildConfigurations = (
				BF92EF201D10C1D600F82088 /* Debug */,
				BF92EF211D10C1D600F82088 /* Release */,
			);
			defaultConfigurationIsVisible = 0;
		};
/* End XCConfigurationList section */
	};
	rootObject = BF92EF051D10C1D600F82088 /* Project object */;
}
